// !$*UTF8*$!
{
	archiveVersion = 1;
	classes = {
	};
	objectVersion = 50;
	objects = {

/* Begin PBXBuildFile section */
		06F61D28223CF54000C61072 /* AppDelegate.m in Sources */ = {isa = PBXBuildFile; fileRef = 06F61D27223CF54000C61072 /* AppDelegate.m */; };
		06F61D2B223CF54000C61072 /* ViewController.m in Sources */ = {isa = PBXBuildFile; fileRef = 06F61D2A223CF54000C61072 /* ViewController.m */; };
		06F61D2E223CF54000C61072 /* Main.storyboard in Resources */ = {isa = PBXBuildFile; fileRef = 06F61D2C223CF54000C61072 /* Main.storyboard */; };
		06F61D30223CF54200C61072 /* Assets.xcassets in Resources */ = {isa = PBXBuildFile; fileRef = 06F61D2F223CF54200C61072 /* Assets.xcassets */; };
		06F61D33223CF54200C61072 /* LaunchScreen.storyboard in Resources */ = {isa = PBXBuildFile; fileRef = 06F61D31223CF54200C61072 /* LaunchScreen.storyboard */; };
		06F61D36223CF54200C61072 /* main.m in Sources */ = {isa = PBXBuildFile; fileRef = 06F61D35223CF54200C61072 /* main.m */; };
		06F61D3E223CFABF00C61072 /* SecondViewController.m in Sources */ = {isa = PBXBuildFile; fileRef = 06F61D3D223CFABF00C61072 /* SecondViewController.m */; };
		06F61D43223D094000C61072 /* LCTCustomView.m in Sources */ = {isa = PBXBuildFile; fileRef = 06F61D42223D094000C61072 /* LCTCustomView.m */; };
/* End PBXBuildFile section */

/* Begin PBXFileReference section */
		06F61D23223CF54000C61072 /* SBRF-UIKitLession.app */ = {isa = PBXFileReference; explicitFileType = wrapper.application; includeInIndex = 0; path = "SBRF-UIKitLession.app"; sourceTree = BUILT_PRODUCTS_DIR; };
		06F61D26223CF54000C61072 /* AppDelegate.h */ = {isa = PBXFileReference; lastKnownFileType = sourcecode.c.h; path = AppDelegate.h; sourceTree = "<group>"; };
		06F61D27223CF54000C61072 /* AppDelegate.m */ = {isa = PBXFileReference; lastKnownFileType = sourcecode.c.objc; path = AppDelegate.m; sourceTree = "<group>"; };
		06F61D29223CF54000C61072 /* ViewController.h */ = {isa = PBXFileReference; lastKnownFileType = sourcecode.c.h; path = ViewController.h; sourceTree = "<group>"; };
		06F61D2A223CF54000C61072 /* ViewController.m */ = {isa = PBXFileReference; lastKnownFileType = sourcecode.c.objc; path = ViewController.m; sourceTree = "<group>"; };
		06F61D2D223CF54000C61072 /* Base */ = {isa = PBXFileReference; lastKnownFileType = file.storyboard; name = Base; path = Base.lproj/Main.storyboard; sourceTree = "<group>"; };
		06F61D2F223CF54200C61072 /* Assets.xcassets */ = {isa = PBXFileReference; lastKnownFileType = folder.assetcatalog; path = Assets.xcassets; sourceTree = "<group>"; };
		06F61D32223CF54200C61072 /* Base */ = {isa = PBXFileReference; lastKnownFileType = file.storyboard; name = Base; path = Base.lproj/LaunchScreen.storyboard; sourceTree = "<group>"; };
		06F61D34223CF54200C61072 /* Info.plist */ = {isa = PBXFileReference; lastKnownFileType = text.plist.xml; path = Info.plist; sourceTree = "<group>"; };
		06F61D35223CF54200C61072 /* main.m */ = {isa = PBXFileReference; lastKnownFileType = sourcecode.c.objc; path = main.m; sourceTree = "<group>"; };
		06F61D3C223CFABF00C61072 /* SecondViewController.h */ = {isa = PBXFileReference; lastKnownFileType = sourcecode.c.h; path = SecondViewController.h; sourceTree = "<group>"; };
		06F61D3D223CFABF00C61072 /* SecondViewController.m */ = {isa = PBXFileReference; lastKnownFileType = sourcecode.c.objc; path = SecondViewController.m; sourceTree = "<group>"; };
		06F61D41223D094000C61072 /* LCTCustomView.h */ = {isa = PBXFileReference; lastKnownFileType = sourcecode.c.h; path = LCTCustomView.h; sourceTree = "<group>"; };
		06F61D42223D094000C61072 /* LCTCustomView.m */ = {isa = PBXFileReference; lastKnownFileType = sourcecode.c.objc; path = LCTCustomView.m; sourceTree = "<group>"; };
/* End PBXFileReference section */

/* Begin PBXFrameworksBuildPhase section */
		06F61D20223CF54000C61072 /* Frameworks */ = {
			isa = PBXFrameworksBuildPhase;
			buildActionMask = 2147483647;
			files = (
			);
			runOnlyForDeploymentPostprocessing = 0;
		};
/* End PBXFrameworksBuildPhase section */

/* Begin PBXGroup section */
		06F61D1A223CF54000C61072 = {
			isa = PBXGroup;
			children = (
				06F61D25223CF54000C61072 /* SBRF-UIKitLession */,
				06F61D24223CF54000C61072 /* Products */,
			);
			sourceTree = "<group>";
		};
		06F61D24223CF54000C61072 /* Products */ = {
			isa = PBXGroup;
			children = (
				06F61D23223CF54000C61072 /* SBRF-UIKitLession.app */,
			);
			name = Products;
			sourceTree = "<group>";
		};
		06F61D25223CF54000C61072 /* SBRF-UIKitLession */ = {
			isa = PBXGroup;
			children = (
				06F61D40223D093300C61072 /* View */,
				06F61D3F223D091C00C61072 /* ViewController */,
				06F61D26223CF54000C61072 /* AppDelegate.h */,
				06F61D27223CF54000C61072 /* AppDelegate.m */,
				06F61D2C223CF54000C61072 /* Main.storyboard */,
				06F61D2F223CF54200C61072 /* Assets.xcassets */,
				06F61D31223CF54200C61072 /* LaunchScreen.storyboard */,
				06F61D34223CF54200C61072 /* Info.plist */,
				06F61D35223CF54200C61072 /* main.m */,
			);
			path = "SBRF-UIKitLession";
			sourceTree = "<group>";
		};
		06F61D3F223D091C00C61072 /* ViewController */ = {
			isa = PBXGroup;
			children = (
				06F61D29223CF54000C61072 /* ViewController.h */,
				06F61D2A223CF54000C61072 /* ViewController.m */,
				06F61D3C223CFABF00C61072 /* SecondViewController.h */,
				06F61D3D223CFABF00C61072 /* SecondViewController.m */,
			);
			path = ViewController;
			sourceTree = "<group>";
		};
		06F61D40223D093300C61072 /* View */ = {
			isa = PBXGroup;
			children = (
				06F61D41223D094000C61072 /* LCTCustomView.h */,
				06F61D42223D094000C61072 /* LCTCustomView.m */,
			);
			path = View;
			sourceTree = "<group>";
		};
/* End PBXGroup section */

/* Begin PBXNativeTarget section */
		06F61D22223CF54000C61072 /* SBRF-UIKitLession */ = {
			isa = PBXNativeTarget;
			buildConfigurationList = 06F61D39223CF54200C61072 /* Build configuration list for PBXNativeTarget "SBRF-UIKitLession" */;
			buildPhases = (
				06F61D1F223CF54000C61072 /* Sources */,
				06F61D20223CF54000C61072 /* Frameworks */,
				06F61D21223CF54000C61072 /* Resources */,
			);
			buildRules = (
			);
			dependencies = (
			);
			name = "SBRF-UIKitLession";
			productName = "SBRF-UIKitLession";
			productReference = 06F61D23223CF54000C61072 /* SBRF-UIKitLession.app */;
			productType = "com.apple.product-type.application";
		};
/* End PBXNativeTarget section */

/* Begin PBXProject section */
		06F61D1B223CF54000C61072 /* Project object */ = {
			isa = PBXProject;
			attributes = {
				LastUpgradeCheck = 1010;
				ORGANIZATIONNAME = pockerhead;
				TargetAttributes = {
					06F61D22223CF54000C61072 = {
						CreatedOnToolsVersion = 10.1;
					};
				};
			};
			buildConfigurationList = 06F61D1E223CF54000C61072 /* Build configuration list for PBXProject "SBRF-UIKitLession" */;
			compatibilityVersion = "Xcode 9.3";
			developmentRegion = en;
			hasScannedForEncodings = 0;
			knownRegions = (
				en,
				Base,
			);
			mainGroup = 06F61D1A223CF54000C61072;
			productRefGroup = 06F61D24223CF54000C61072 /* Products */;
			projectDirPath = "";
			projectRoot = "";
			targets = (
				06F61D22223CF54000C61072 /* SBRF-UIKitLession */,
			);
		};
/* End PBXProject section */

/* Begin PBXResourcesBuildPhase section */
		06F61D21223CF54000C61072 /* Resources */ = {
			isa = PBXResourcesBuildPhase;
			buildActionMask = 2147483647;
			files = (
				06F61D33223CF54200C61072 /* LaunchScreen.storyboard in Resources */,
				06F61D30223CF54200C61072 /* Assets.xcassets in Resources */,
				06F61D2E223CF54000C61072 /* Main.storyboard in Resources */,
			);
			runOnlyForDeploymentPostprocessing = 0;
		};
/* End PBXResourcesBuildPhase section */

/* Begin PBXSourcesBuildPhase section */
		06F61D1F223CF54000C61072 /* Sources */ = {
			isa = PBXSourcesBuildPhase;
			buildActionMask = 2147483647;
			files = (
				06F61D43223D094000C61072 /* LCTCustomView.m in Sources */,
				06F61D3E223CFABF00C61072 /* SecondViewController.m in Sources */,
				06F61D2B223CF54000C61072 /* ViewController.m in Sources */,
				06F61D36223CF54200C61072 /* main.m in Sources */,
				06F61D28223CF54000C61072 /* AppDelegate.m in Sources */,
			);
			runOnlyForDeploymentPostprocessing = 0;
		};
/* End PBXSourcesBuildPhase section */

/* Begin PBXVariantGroup section */
		06F61D2C223CF54000C61072 /* Main.storyboard */ = {
			isa = PBXVariantGroup;
			children = (
				06F61D2D223CF54000C61072 /* Base */,
			);
			name = Main.storyboard;
			sourceTree = "<group>";
		};
		06F61D31223CF54200C61072 /* LaunchScreen.storyboard */ = {
			isa = PBXVariantGroup;
			children = (
				06F61D32223CF54200C61072 /* Base */,
			);
			name = LaunchScreen.storyboard;
			sourceTree = "<group>";
		};
/* End PBXVariantGroup section */

/* Begin XCBuildConfiguration section */
		06F61D37223CF54200C61072 /* Debug */ = {
			isa = XCBuildConfiguration;
			buildSettings = {
				ALWAYS_SEARCH_USER_PATHS = NO;
				CLANG_ANALYZER_NONNULL = YES;
				CLANG_ANALYZER_NUMBER_OBJECT_CONVERSION = YES_AGGRESSIVE;
				CLANG_CXX_LANGUAGE_STANDARD = "gnu++14";
				CLANG_CXX_LIBRARY = "libc++";
				CLANG_ENABLE_MODULES = YES;
				CLANG_ENABLE_OBJC_ARC = YES;
				CLANG_ENABLE_OBJC_WEAK = YES;
				CLANG_WARN_BLOCK_CAPTURE_AUTORELEASING = YES;
				CLANG_WARN_BOOL_CONVERSION = YES;
				CLANG_WARN_COMMA = YES;
				CLANG_WARN_CONSTANT_CONVERSION = YES;
				CLANG_WARN_DEPRECATED_OBJC_IMPLEMENTATIONS = YES;
				CLANG_WARN_DIRECT_OBJC_ISA_USAGE = YES_ERROR;
				CLANG_WARN_DOCUMENTATION_COMMENTS = YES;
				CLANG_WARN_EMPTY_BODY = YES;
				CLANG_WARN_ENUM_CONVERSION = YES;
				CLANG_WARN_INFINITE_RECURSION = YES;
				CLANG_WARN_INT_CONVERSION = YES;
				CLANG_WARN_NON_LITERAL_NULL_CONVERSION = YES;
				CLANG_WARN_OBJC_IMPLICIT_RETAIN_SELF = YES;
				CLANG_WARN_OBJC_LITERAL_CONVERSION = YES;
				CLANG_WARN_OBJC_ROOT_CLASS = YES_ERROR;
				CLANG_WARN_RANGE_LOOP_ANALYSIS = YES;
				CLANG_WARN_STRICT_PROTOTYPES = YES;
				CLANG_WARN_SUSPICIOUS_MOVE = YES;
				CLANG_WARN_UNGUARDED_AVAILABILITY = YES_AGGRESSIVE;
				CLANG_WARN_UNREACHABLE_CODE = YES;
				CLANG_WARN__DUPLICATE_METHOD_MATCH = YES;
				CODE_SIGN_IDENTITY = "iPhone Developer";
				COPY_PHASE_STRIP = NO;
				DEBUG_INFORMATION_FORMAT = dwarf;
				ENABLE_STRICT_OBJC_MSGSEND = YES;
				ENABLE_TESTABILITY = YES;
				GCC_C_LANGUAGE_STANDARD = gnu11;
				GCC_DYNAMIC_NO_PIC = NO;
				GCC_NO_COMMON_BLOCKS = YES;
				GCC_OPTIMIZATION_LEVEL = 0;
				GCC_PREPROCESSOR_DEFINITIONS = (
					"DEBUG=1",
					"$(inherited)",
				);
				GCC_WARN_64_TO_32_BIT_CONVERSION = YES;
				GCC_WARN_ABOUT_RETURN_TYPE = YES_ERROR;
				GCC_WARN_UNDECLARED_SELECTOR = YES;
				GCC_WARN_UNINITIALIZED_AUTOS = YES_AGGRESSIVE;
				GCC_WARN_UNUSED_FUNCTION = YES;
				GCC_WARN_UNUSED_VARIABLE = YES;
				IPHONEOS_DEPLOYMENT_TARGET = 12.1;
				MTL_ENABLE_DEBUG_INFO = INCLUDE_SOURCE;
				MTL_FAST_MATH = YES;
				ONLY_ACTIVE_ARCH = YES;
				SDKROOT = iphoneos;
			};
			name = Debug;
		};
		06F61D38223CF54200C61072 /* Release */ = {
			isa = XCBuildConfiguration;
			buildSettings = {
				ALWAYS_SEARCH_USER_PATHS = NO;
				CLANG_ANALYZER_NONNULL = YES;
				CLANG_ANALYZER_NUMBER_OBJECT_CONVERSION = YES_AGGRESSIVE;
				CLANG_CXX_LANGUAGE_STANDARD = "gnu++14";
				CLANG_CXX_LIBRARY = "libc++";
				CLANG_ENABLE_MODULES = YES;
				CLANG_ENABLE_OBJC_ARC = YES;
				CLANG_ENABLE_OBJC_WEAK = YES;
				CLANG_WARN_BLOCK_CAPTURE_AUTORELEASING = YES;
				CLANG_WARN_BOOL_CONVERSION = YES;
				CLANG_WARN_COMMA = YES;
				CLANG_WARN_CONSTANT_CONVERSION = YES;
				CLANG_WARN_DEPRECATED_OBJC_IMPLEMENTATIONS = YES;
				CLANG_WARN_DIRECT_OBJC_ISA_USAGE = YES_ERROR;
				CLANG_WARN_DOCUMENTATION_COMMENTS = YES;
				CLANG_WARN_EMPTY_BODY = YES;
				CLANG_WARN_ENUM_CONVERSION = YES;
				CLANG_WARN_INFINITE_RECURSION = YES;
				CLANG_WARN_INT_CONVERSION = YES;
				CLANG_WARN_NON_LITERAL_NULL_CONVERSION = YES;
				CLANG_WARN_OBJC_IMPLICIT_RETAIN_SELF = YES;
				CLANG_WARN_OBJC_LITERAL_CONVERSION = YES;
				CLANG_WARN_OBJC_ROOT_CLASS = YES_ERROR;
				CLANG_WARN_RANGE_LOOP_ANALYSIS = YES;
				CLANG_WARN_STRICT_PROTOTYPES = YES;
				CLANG_WARN_SUSPICIOUS_MOVE = YES;
				CLANG_WARN_UNGUARDED_AVAILABILITY = YES_AGGRESSIVE;
				CLANG_WARN_UNREACHABLE_CODE = YES;
				CLANG_WARN__DUPLICATE_METHOD_MATCH = YES;
				CODE_SIGN_IDENTITY = "iPhone Developer";
				COPY_PHASE_STRIP = NO;
				DEBUG_INFORMATION_FORMAT = "dwarf-with-dsym";
				ENABLE_NS_ASSERTIONS = NO;
				ENABLE_STRICT_OBJC_MSGSEND = YES;
				GCC_C_LANGUAGE_STANDARD = gnu11;
				GCC_NO_COMMON_BLOCKS = YES;
				GCC_WARN_64_TO_32_BIT_CONVERSION = YES;
				GCC_WARN_ABOUT_RETURN_TYPE = YES_ERROR;
				GCC_WARN_UNDECLARED_SELECTOR = YES;
				GCC_WARN_UNINITIALIZED_AUTOS = YES_AGGRESSIVE;
				GCC_WARN_UNUSED_FUNCTION = YES;
				GCC_WARN_UNUSED_VARIABLE = YES;
				IPHONEOS_DEPLOYMENT_TARGET = 12.1;
				MTL_ENABLE_DEBUG_INFO = NO;
				MTL_FAST_MATH = YES;
				SDKROOT = iphoneos;
				VALIDATE_PRODUCT = YES;
			};
			name = Release;
		};
		06F61D3A223CF54200C61072 /* Debug */ = {
			isa = XCBuildConfiguration;
			buildSettings = {
				ASSETCATALOG_COMPILER_APPICON_NAME = AppIcon;
				CODE_SIGN_STYLE = Automatic;
				DEVELOPMENT_TEAM = 2T76P993RC;
				INFOPLIST_FILE = "SBRF-UIKitLession/Info.plist";
				LD_RUNPATH_SEARCH_PATHS = (
					"$(inherited)",
					"@executable_path/Frameworks",
				);
				PRODUCT_BUNDLE_IDENTIFIER = com.olimpbet;
				PRODUCT_NAME = "$(TARGET_NAME)";
				TARGETED_DEVICE_FAMILY = "1,2";
			};
			name = Debug;
		};
		06F61D3B223CF54200C61072 /* Release */ = {
			isa = XCBuildConfiguration;
			buildSettings = {
				ASSETCATALOG_COMPILER_APPICON_NAME = AppIcon;
				CODE_SIGN_STYLE = Automatic;
				DEVELOPMENT_TEAM = 2T76P993RC;
				INFOPLIST_FILE = "SBRF-UIKitLession/Info.plist";
				LD_RUNPATH_SEARCH_PATHS = (
					"$(inherited)",
					"@executable_path/Frameworks",
				);
				PRODUCT_BUNDLE_IDENTIFIER = com.olimpbet;
				PRODUCT_NAME = "$(TARGET_NAME)";
				TARGETED_DEVICE_FAMILY = "1,2";
			};
			name = Release;
		};
/* End XCBuildConfiguration section */

/* Begin XCConfigurationList section */
		06F61D1E223CF54000C61072 /* Build configuration list for PBXProject "SBRF-UIKitLession" */ = {
			isa = XCConfigurationList;
			buildConfigurations = (
				06F61D37223CF54200C61072 /* Debug */,
				06F61D38223CF54200C61072 /* Release */,
			);
			defaultConfigurationIsVisible = 0;
			defaultConfigurationName = Release;
		};
		06F61D39223CF54200C61072 /* Build configuration list for PBXNativeTarget "SBRF-UIKitLession" */ = {
			isa = XCConfigurationList;
			buildConfigurations = (
				06F61D3A223CF54200C61072 /* Debug */,
				06F61D3B223CF54200C61072 /* Release */,
			);
			defaultConfigurationIsVisible = 0;
			defaultConfigurationName = Release;
		};
/* End XCConfigurationList section */
	};
	rootObject = 06F61D1B223CF54000C61072 /* Project object */;
}
